// !$*UTF8*$!
{
	archiveVersion = 1;
	classes = {
	};
	objectVersion = 50;
	objects = {

/* Begin PBXBuildFile section */
		BE295464212C7EDA005C63F0 /* AppDelegate.swift in Sources */ = {isa = PBXBuildFile; fileRef = BE295463212C7EDA005C63F0 /* AppDelegate.swift */; };
		BE295466212C7EDA005C63F0 /* LoginViewController.swift in Sources */ = {isa = PBXBuildFile; fileRef = BE295465212C7EDA005C63F0 /* LoginViewController.swift */; };
		BE295469212C7EDA005C63F0 /* Main.storyboard in Resources */ = {isa = PBXBuildFile; fileRef = BE295467212C7EDA005C63F0 /* Main.storyboard */; };
		BE29546B212C7EDB005C63F0 /* Assets.xcassets in Resources */ = {isa = PBXBuildFile; fileRef = BE29546A212C7EDB005C63F0 /* Assets.xcassets */; };
		BE29546E212C7EDB005C63F0 /* LaunchScreen.storyboard in Resources */ = {isa = PBXBuildFile; fileRef = BE29546C212C7EDB005C63F0 /* LaunchScreen.storyboard */; };
		BE3B45FB212DF88A0043F765 /* User.swift in Sources */ = {isa = PBXBuildFile; fileRef = BE3B45FA212DF88A0043F765 /* User.swift */; };
		BE3B45FD212DF9AA0043F765 /* Model.swift in Sources */ = {isa = PBXBuildFile; fileRef = BE3B45FC212DF9AA0043F765 /* Model.swift */; };
		BE3B45FF212DFAFF0043F765 /* Club.swift in Sources */ = {isa = PBXBuildFile; fileRef = BE3B45FE212DFAFF0043F765 /* Club.swift */; };
		BE3B4601212E93370043F765 /* CustomTextField.swift in Sources */ = {isa = PBXBuildFile; fileRef = BE3B4600212E93370043F765 /* CustomTextField.swift */; };
		BE842B0E213FDC3100DEEC54 /* DetailTableViewCell.swift in Sources */ = {isa = PBXBuildFile; fileRef = BE842B0D213FDC3100DEEC54 /* DetailTableViewCell.swift */; };
		BE842B10213FEE6100DEEC54 /* ManagerProfileTableViewCell.swift in Sources */ = {isa = PBXBuildFile; fileRef = BE842B0F213FEE6100DEEC54 /* ManagerProfileTableViewCell.swift */; };
		BE842B12213FF37500DEEC54 /* ManagerProfileTableViewController.swift in Sources */ = {isa = PBXBuildFile; fileRef = BE842B11213FF37500DEEC54 /* ManagerProfileTableViewController.swift */; };
		BEF033FE21303FBA008C9F3E /* MainViewController.swift in Sources */ = {isa = PBXBuildFile; fileRef = BEF033FD21303FBA008C9F3E /* MainViewController.swift */; };
		BEF03400213044B1008C9F3E /* ModelListViewController.swift in Sources */ = {isa = PBXBuildFile; fileRef = BEF033FF213044B1008C9F3E /* ModelListViewController.swift */; };
		BEF0340221304983008C9F3E /* ManagerListViewController.swift in Sources */ = {isa = PBXBuildFile; fileRef = BEF0340121304983008C9F3E /* ManagerListViewController.swift */; };
		BEF03404213049D1008C9F3E /* ClubListViewController.swift in Sources */ = {isa = PBXBuildFile; fileRef = BEF03403213049D1008C9F3E /* ClubListViewController.swift */; };
		BEF0340621313C4E008C9F3E /* ModelProfileTableViewCell.swift in Sources */ = {isa = PBXBuildFile; fileRef = BEF0340521313C4E008C9F3E /* ModelProfileTableViewCell.swift */; };
		BEF0340A21314869008C9F3E /* ModelProfileViewController.swift in Sources */ = {isa = PBXBuildFile; fileRef = BEF0340921314869008C9F3E /* ModelProfileViewController.swift */; };
/* End PBXBuildFile section */

/* Begin PBXFileReference section */
		BE295460212C7EDA005C63F0 /* Model Agency.app */ = {isa = PBXFileReference; explicitFileType = wrapper.application; includeInIndex = 0; path = "Model Agency.app"; sourceTree = BUILT_PRODUCTS_DIR; };
		BE295463212C7EDA005C63F0 /* AppDelegate.swift */ = {isa = PBXFileReference; lastKnownFileType = sourcecode.swift; path = AppDelegate.swift; sourceTree = "<group>"; };
		BE295465212C7EDA005C63F0 /* LoginViewController.swift */ = {isa = PBXFileReference; lastKnownFileType = sourcecode.swift; path = LoginViewController.swift; sourceTree = "<group>"; };
		BE295468212C7EDA005C63F0 /* Base */ = {isa = PBXFileReference; lastKnownFileType = file.storyboard; name = Base; path = Base.lproj/Main.storyboard; sourceTree = "<group>"; };
		BE29546A212C7EDB005C63F0 /* Assets.xcassets */ = {isa = PBXFileReference; lastKnownFileType = folder.assetcatalog; path = Assets.xcassets; sourceTree = "<group>"; };
		BE29546D212C7EDB005C63F0 /* Base */ = {isa = PBXFileReference; lastKnownFileType = file.storyboard; name = Base; path = Base.lproj/LaunchScreen.storyboard; sourceTree = "<group>"; };
		BE29546F212C7EDB005C63F0 /* Info.plist */ = {isa = PBXFileReference; lastKnownFileType = text.plist.xml; path = Info.plist; sourceTree = "<group>"; };
		BE3B45FA212DF88A0043F765 /* User.swift */ = {isa = PBXFileReference; lastKnownFileType = sourcecode.swift; path = User.swift; sourceTree = "<group>"; };
		BE3B45FC212DF9AA0043F765 /* Model.swift */ = {isa = PBXFileReference; lastKnownFileType = sourcecode.swift; path = Model.swift; sourceTree = "<group>"; };
		BE3B45FE212DFAFF0043F765 /* Club.swift */ = {isa = PBXFileReference; lastKnownFileType = sourcecode.swift; path = Club.swift; sourceTree = "<group>"; };
		BE3B4600212E93370043F765 /* CustomTextField.swift */ = {isa = PBXFileReference; lastKnownFileType = sourcecode.swift; path = CustomTextField.swift; sourceTree = "<group>"; };
		BE842B0D213FDC3100DEEC54 /* DetailTableViewCell.swift */ = {isa = PBXFileReference; lastKnownFileType = sourcecode.swift; path = DetailTableViewCell.swift; sourceTree = "<group>"; };
		BE842B0F213FEE6100DEEC54 /* ManagerProfileTableViewCell.swift */ = {isa = PBXFileReference; lastKnownFileType = sourcecode.swift; path = ManagerProfileTableViewCell.swift; sourceTree = "<group>"; };
		BE842B11213FF37500DEEC54 /* ManagerProfileTableViewController.swift */ = {isa = PBXFileReference; lastKnownFileType = sourcecode.swift; path = ManagerProfileTableViewController.swift; sourceTree = "<group>"; };
		BEF033FD21303FBA008C9F3E /* MainViewController.swift */ = {isa = PBXFileReference; lastKnownFileType = sourcecode.swift; path = MainViewController.swift; sourceTree = "<group>"; };
		BEF033FF213044B1008C9F3E /* ModelListViewController.swift */ = {isa = PBXFileReference; lastKnownFileType = sourcecode.swift; path = ModelListViewController.swift; sourceTree = "<group>"; };
		BEF0340121304983008C9F3E /* ManagerListViewController.swift */ = {isa = PBXFileReference; lastKnownFileType = sourcecode.swift; path = ManagerListViewController.swift; sourceTree = "<group>"; };
		BEF03403213049D1008C9F3E /* ClubListViewController.swift */ = {isa = PBXFileReference; lastKnownFileType = sourcecode.swift; path = ClubListViewController.swift; sourceTree = "<group>"; };
		BEF0340521313C4E008C9F3E /* ModelProfileTableViewCell.swift */ = {isa = PBXFileReference; lastKnownFileType = sourcecode.swift; path = ModelProfileTableViewCell.swift; sourceTree = "<group>"; };
		BEF0340921314869008C9F3E /* ModelProfileViewController.swift */ = {isa = PBXFileReference; lastKnownFileType = sourcecode.swift; path = ModelProfileViewController.swift; sourceTree = "<group>"; };
/* End PBXFileReference section */

/* Begin PBXFrameworksBuildPhase section */
		BE29545D212C7EDA005C63F0 /* Frameworks */ = {
			isa = PBXFrameworksBuildPhase;
			buildActionMask = 2147483647;
			files = (
			);
			runOnlyForDeploymentPostprocessing = 0;
		};
/* End PBXFrameworksBuildPhase section */

/* Begin PBXGroup section */
		BE295457212C7EDA005C63F0 = {
			isa = PBXGroup;
			children = (
				BE295462212C7EDA005C63F0 /* Model Agency */,
				BE295461212C7EDA005C63F0 /* Products */,
			);
			sourceTree = "<group>";
		};
		BE295461212C7EDA005C63F0 /* Products */ = {
			isa = PBXGroup;
			children = (
				BE295460212C7EDA005C63F0 /* Model Agency.app */,
			);
			name = Products;
			sourceTree = "<group>";
		};
		BE295462212C7EDA005C63F0 /* Model Agency */ = {
			isa = PBXGroup;
			children = (
				BE295463212C7EDA005C63F0 /* AppDelegate.swift */,
				BE295477212C805E005C63F0 /* Models */,
				BE295478212C8064005C63F0 /* Views */,
				BE295476212C8052005C63F0 /* Controllers */,
				BE295475212C8040005C63F0 /* Supporting Files */,
				BE29546A212C7EDB005C63F0 /* Assets.xcassets */,
				BE29546F212C7EDB005C63F0 /* Info.plist */,
			);
			path = "Model Agency";
			sourceTree = "<group>";
		};
		BE295475212C8040005C63F0 /* Supporting Files */ = {
			isa = PBXGroup;
			children = (
				BE295467212C7EDA005C63F0 /* Main.storyboard */,
				BE29546C212C7EDB005C63F0 /* LaunchScreen.storyboard */,
			);
			path = "Supporting Files";
			sourceTree = "<group>";
		};
		BE295476212C8052005C63F0 /* Controllers */ = {
			isa = PBXGroup;
			children = (
				BE295465212C7EDA005C63F0 /* LoginViewController.swift */,
				BEF033FD21303FBA008C9F3E /* MainViewController.swift */,
				BEF033FF213044B1008C9F3E /* ModelListViewController.swift */,
				BEF0340921314869008C9F3E /* ModelProfileViewController.swift */,
				BEF0340121304983008C9F3E /* ManagerListViewController.swift */,
				BE842B11213FF37500DEEC54 /* ManagerProfileTableViewController.swift */,
				BEF03403213049D1008C9F3E /* ClubListViewController.swift */,
			);
			path = Controllers;
			sourceTree = "<group>";
		};
		BE295477212C805E005C63F0 /* Models */ = {
			isa = PBXGroup;
			children = (
				BE3B45FA212DF88A0043F765 /* User.swift */,
				BE3B45FC212DF9AA0043F765 /* Model.swift */,
				BE3B45FE212DFAFF0043F765 /* Club.swift */,
			);
			path = Models;
			sourceTree = "<group>";
		};
		BE295478212C8064005C63F0 /* Views */ = {
			isa = PBXGroup;
			children = (
				BE3B4600212E93370043F765 /* CustomTextField.swift */,
				BEF0340521313C4E008C9F3E /* ModelProfileTableViewCell.swift */,
				BE842B0D213FDC3100DEEC54 /* DetailTableViewCell.swift */,
				BE842B0F213FEE6100DEEC54 /* ManagerProfileTableViewCell.swift */,
			);
			path = Views;
			sourceTree = "<group>";
		};
/* End PBXGroup section */

/* Begin PBXNativeTarget section */
		BE29545F212C7EDA005C63F0 /* Model Agency */ = {
			isa = PBXNativeTarget;
			buildConfigurationList = BE295472212C7EDB005C63F0 /* Build configuration list for PBXNativeTarget "Model Agency" */;
			buildPhases = (
				BE29545C212C7EDA005C63F0 /* Sources */,
				BE29545D212C7EDA005C63F0 /* Frameworks */,
				BE29545E212C7EDA005C63F0 /* Resources */,
			);
			buildRules = (
			);
			dependencies = (
			);
			name = "Model Agency";
			productName = "Model Agency";
			productReference = BE295460212C7EDA005C63F0 /* Model Agency.app */;
			productType = "com.apple.product-type.application";
		};
/* End PBXNativeTarget section */

/* Begin PBXProject section */
		BE295458212C7EDA005C63F0 /* Project object */ = {
			isa = PBXProject;
			attributes = {
				LastSwiftUpdateCheck = 0940;
				LastUpgradeCheck = 0940;
				ORGANIZATIONNAME = "Yuri Istomin";
				TargetAttributes = {
					BE29545F212C7EDA005C63F0 = {
						CreatedOnToolsVersion = 9.4.1;
					};
				};
			};
			buildConfigurationList = BE29545B212C7EDA005C63F0 /* Build configuration list for PBXProject "Model Agency" */;
			compatibilityVersion = "Xcode 9.3";
			developmentRegion = en;
			hasScannedForEncodings = 0;
			knownRegions = (
				en,
				Base,
			);
			mainGroup = BE295457212C7EDA005C63F0;
			productRefGroup = BE295461212C7EDA005C63F0 /* Products */;
			projectDirPath = "";
			projectRoot = "";
			targets = (
				BE29545F212C7EDA005C63F0 /* Model Agency */,
			);
		};
/* End PBXProject section */

/* Begin PBXResourcesBuildPhase section */
		BE29545E212C7EDA005C63F0 /* Resources */ = {
			isa = PBXResourcesBuildPhase;
			buildActionMask = 2147483647;
			files = (
				BE29546E212C7EDB005C63F0 /* LaunchScreen.storyboard in Resources */,
				BE29546B212C7EDB005C63F0 /* Assets.xcassets in Resources */,
				BE295469212C7EDA005C63F0 /* Main.storyboard in Resources */,
			);
			runOnlyForDeploymentPostprocessing = 0;
		};
/* End PBXResourcesBuildPhase section */

/* Begin PBXSourcesBuildPhase section */
		BE29545C212C7EDA005C63F0 /* Sources */ = {
			isa = PBXSourcesBuildPhase;
			buildActionMask = 2147483647;
			files = (
				BEF033FE21303FBA008C9F3E /* MainViewController.swift in Sources */,
				BE295466212C7EDA005C63F0 /* LoginViewController.swift in Sources */,
				BE295464212C7EDA005C63F0 /* AppDelegate.swift in Sources */,
				BE842B0E213FDC3100DEEC54 /* DetailTableViewCell.swift in Sources */,
				BEF0340621313C4E008C9F3E /* ModelProfileTableViewCell.swift in Sources */,
				BE3B4601212E93370043F765 /* CustomTextField.swift in Sources */,
				BE3B45FF212DFAFF0043F765 /* Club.swift in Sources */,
				BE842B10213FEE6100DEEC54 /* ManagerProfileTableViewCell.swift in Sources */,
				BEF0340221304983008C9F3E /* ManagerListViewController.swift in Sources */,
				BE842B12213FF37500DEEC54 /* ManagerProfileTableViewController.swift in Sources */,
				BE3B45FB212DF88A0043F765 /* User.swift in Sources */,
				BEF0340A21314869008C9F3E /* ModelProfileViewController.swift in Sources */,
				BE3B45FD212DF9AA0043F765 /* Model.swift in Sources */,
				BEF03404213049D1008C9F3E /* ClubListViewController.swift in Sources */,
				BEF03400213044B1008C9F3E /* ModelListViewController.swift in Sources */,
			);
			runOnlyForDeploymentPostprocessing = 0;
		};
/* End PBXSourcesBuildPhase section */

/* Begin PBXVariantGroup section */
		BE295467212C7EDA005C63F0 /* Main.storyboard */ = {
			isa = PBXVariantGroup;
			children = (
				BE295468212C7EDA005C63F0 /* Base */,
			);
			name = Main.storyboard;
			sourceTree = "<group>";
		};
		BE29546C212C7EDB005C63F0 /* LaunchScreen.storyboard */ = {
			isa = PBXVariantGroup;
			children = (
				BE29546D212C7EDB005C63F0 /* Base */,
			);
			name = LaunchScreen.storyboard;
			sourceTree = "<group>";
		};
/* End PBXVariantGroup section */

/* Begin XCBuildConfiguration section */
		BE295470212C7EDB005C63F0 /* Debug */ = {
			isa = XCBuildConfiguration;
			buildSettings = {
				ALWAYS_SEARCH_USER_PATHS = NO;
				CLANG_ANALYZER_NONNULL = YES;
				CLANG_ANALYZER_NUMBER_OBJECT_CONVERSION = YES_AGGRESSIVE;
				CLANG_CXX_LANGUAGE_STANDARD = "gnu++14";
				CLANG_CXX_LIBRARY = "libc++";
				CLANG_ENABLE_MODULES = YES;
				CLANG_ENABLE_OBJC_ARC = YES;
				CLANG_ENABLE_OBJC_WEAK = YES;
				CLANG_WARN_BLOCK_CAPTURE_AUTORELEASING = YES;
				CLANG_WARN_BOOL_CONVERSION = YES;
				CLANG_WARN_COMMA = YES;
				CLANG_WARN_CONSTANT_CONVERSION = YES;
				CLANG_WARN_DEPRECATED_OBJC_IMPLEMENTATIONS = YES;
				CLANG_WARN_DIRECT_OBJC_ISA_USAGE = YES_ERROR;
				CLANG_WARN_DOCUMENTATION_COMMENTS = YES;
				CLANG_WARN_EMPTY_BODY = YES;
				CLANG_WARN_ENUM_CONVERSION = YES;
				CLANG_WARN_INFINITE_RECURSION = YES;
				CLANG_WARN_INT_CONVERSION = YES;
				CLANG_WARN_NON_LITERAL_NULL_CONVERSION = YES;
				CLANG_WARN_OBJC_IMPLICIT_RETAIN_SELF = YES;
				CLANG_WARN_OBJC_LITERAL_CONVERSION = YES;
				CLANG_WARN_OBJC_ROOT_CLASS = YES_ERROR;
				CLANG_WARN_RANGE_LOOP_ANALYSIS = YES;
				CLANG_WARN_STRICT_PROTOTYPES = YES;
				CLANG_WARN_SUSPICIOUS_MOVE = YES;
				CLANG_WARN_UNGUARDED_AVAILABILITY = YES_AGGRESSIVE;
				CLANG_WARN_UNREACHABLE_CODE = YES;
				CLANG_WARN__DUPLICATE_METHOD_MATCH = YES;
				CODE_SIGN_IDENTITY = "iPhone Developer";
				COPY_PHASE_STRIP = NO;
				DEBUG_INFORMATION_FORMAT = dwarf;
				ENABLE_STRICT_OBJC_MSGSEND = YES;
				ENABLE_TESTABILITY = YES;
				GCC_C_LANGUAGE_STANDARD = gnu11;
				GCC_DYNAMIC_NO_PIC = NO;
				GCC_NO_COMMON_BLOCKS = YES;
				GCC_OPTIMIZATION_LEVEL = 0;
				GCC_PREPROCESSOR_DEFINITIONS = (
					"DEBUG=1",
					"$(inherited)",
				);
				GCC_WARN_64_TO_32_BIT_CONVERSION = YES;
				GCC_WARN_ABOUT_RETURN_TYPE = YES_ERROR;
				GCC_WARN_UNDECLARED_SELECTOR = YES;
				GCC_WARN_UNINITIALIZED_AUTOS = YES_AGGRESSIVE;
				GCC_WARN_UNUSED_FUNCTION = YES;
				GCC_WARN_UNUSED_VARIABLE = YES;
				IPHONEOS_DEPLOYMENT_TARGET = 11.4;
				MTL_ENABLE_DEBUG_INFO = YES;
				ONLY_ACTIVE_ARCH = YES;
				SDKROOT = iphoneos;
				SWIFT_ACTIVE_COMPILATION_CONDITIONS = DEBUG;
				SWIFT_OPTIMIZATION_LEVEL = "-Onone";
			};
			name = Debug;
		};
		BE295471212C7EDB005C63F0 /* Release */ = {
			isa = XCBuildConfiguration;
			buildSettings = {
				ALWAYS_SEARCH_USER_PATHS = NO;
				CLANG_ANALYZER_NONNULL = YES;
				CLANG_ANALYZER_NUMBER_OBJECT_CONVERSION = YES_AGGRESSIVE;
				CLANG_CXX_LANGUAGE_STANDARD = "gnu++14";
				CLANG_CXX_LIBRARY = "libc++";
				CLANG_ENABLE_MODULES = YES;
				CLANG_ENABLE_OBJC_ARC = YES;
				CLANG_ENABLE_OBJC_WEAK = YES;
				CLANG_WARN_BLOCK_CAPTURE_AUTORELEASING = YES;
				CLANG_WARN_BOOL_CONVERSION = YES;
				CLANG_WARN_COMMA = YES;
				CLANG_WARN_CONSTANT_CONVERSION = YES;
				CLANG_WARN_DEPRECATED_OBJC_IMPLEMENTATIONS = YES;
				CLANG_WARN_DIRECT_OBJC_ISA_USAGE = YES_ERROR;
				CLANG_WARN_DOCUMENTATION_COMMENTS = YES;
				CLANG_WARN_EMPTY_BODY = YES;
				CLANG_WARN_ENUM_CONVERSION = YES;
				CLANG_WARN_INFINITE_RECURSION = YES;
				CLANG_WARN_INT_CONVERSION = YES;
				CLANG_WARN_NON_LITERAL_NULL_CONVERSION = YES;
				CLANG_WARN_OBJC_IMPLICIT_RETAIN_SELF = YES;
				CLANG_WARN_OBJC_LITERAL_CONVERSION = YES;
				CLANG_WARN_OBJC_ROOT_CLASS = YES_ERROR;
				CLANG_WARN_RANGE_LOOP_ANALYSIS = YES;
				CLANG_WARN_STRICT_PROTOTYPES = YES;
				CLANG_WARN_SUSPICIOUS_MOVE = YES;
				CLANG_WARN_UNGUARDED_AVAILABILITY = YES_AGGRESSIVE;
				CLANG_WARN_UNREACHABLE_CODE = YES;
				CLANG_WARN__DUPLICATE_METHOD_MATCH = YES;
				CODE_SIGN_IDENTITY = "iPhone Developer";
				COPY_PHASE_STRIP = NO;
				DEBUG_INFORMATION_FORMAT = "dwarf-with-dsym";
				ENABLE_NS_ASSERTIONS = NO;
				ENABLE_STRICT_OBJC_MSGSEND = YES;
				GCC_C_LANGUAGE_STANDARD = gnu11;
				GCC_NO_COMMON_BLOCKS = YES;
				GCC_WARN_64_TO_32_BIT_CONVERSION = YES;
				GCC_WARN_ABOUT_RETURN_TYPE = YES_ERROR;
				GCC_WARN_UNDECLARED_SELECTOR = YES;
				GCC_WARN_UNINITIALIZED_AUTOS = YES_AGGRESSIVE;
				GCC_WARN_UNUSED_FUNCTION = YES;
				GCC_WARN_UNUSED_VARIABLE = YES;
				IPHONEOS_DEPLOYMENT_TARGET = 11.4;
				MTL_ENABLE_DEBUG_INFO = NO;
				SDKROOT = iphoneos;
				SWIFT_COMPILATION_MODE = wholemodule;
				SWIFT_OPTIMIZATION_LEVEL = "-O";
				VALIDATE_PRODUCT = YES;
			};
			name = Release;
		};
		BE295473212C7EDB005C63F0 /* Debug */ = {
			isa = XCBuildConfiguration;
			buildSettings = {
				ASSETCATALOG_COMPILER_APPICON_NAME = AppIcon;
				CODE_SIGN_STYLE = Automatic;
				DEVELOPMENT_TEAM = N2HCJ99WYH;
				INFOPLIST_FILE = "Model Agency/Info.plist";
				IPHONEOS_DEPLOYMENT_TARGET = 9.0;
				LD_RUNPATH_SEARCH_PATHS = (
					"$(inherited)",
					"@executable_path/Frameworks",
				);
				PRODUCT_BUNDLE_IDENTIFIER = "com.yuraist.Model-Agency";
				PRODUCT_NAME = "$(TARGET_NAME)";
				SWIFT_VERSION = 4.0;
				TARGETED_DEVICE_FAMILY = 1;
			};
			name = Debug;
		};
		BE295474212C7EDB005C63F0 /* Release */ = {
			isa = XCBuildConfiguration;
			buildSettings = {
				ASSETCATALOG_COMPILER_APPICON_NAME = AppIcon;
				CODE_SIGN_STYLE = Automatic;
				DEVELOPMENT_TEAM = N2HCJ99WYH;
				INFOPLIST_FILE = "Model Agency/Info.plist";
				IPHONEOS_DEPLOYMENT_TARGET = 9.0;
				LD_RUNPATH_SEARCH_PATHS = (
					"$(inherited)",
					"@executable_path/Frameworks",
				);
				PRODUCT_BUNDLE_IDENTIFIER = "com.yuraist.Model-Agency";
				PRODUCT_NAME = "$(TARGET_NAME)";
				SWIFT_VERSION = 4.0;
				TARGETED_DEVICE_FAMILY = 1;
			};
			name = Release;
		};
/* End XCBuildConfiguration section */

/* Begin XCConfigurationList section */
		BE29545B212C7EDA005C63F0 /* Build configuration list for PBXProject "Model Agency" */ = {
			isa = XCConfigurationList;
			buildConfigurations = (
				BE295470212C7EDB005C63F0 /* Debug */,
				BE295471212C7EDB005C63F0 /* Release */,
			);
			defaultConfigurationIsVisible = 0;
			defaultConfigurationName = Release;
		};
		BE295472212C7EDB005C63F0 /* Build configuration list for PBXNativeTarget "Model Agency" */ = {
			isa = XCConfigurationList;
			buildConfigurations = (
				BE295473212C7EDB005C63F0 /* Debug */,
				BE295474212C7EDB005C63F0 /* Release */,
			);
			defaultConfigurationIsVisible = 0;
			defaultConfigurationName = Release;
		};
/* End XCConfigurationList section */
	};
	rootObject = BE295458212C7EDA005C63F0 /* Project object */;
}
